
Microsoft Visual Studio Solution File, Format Version 12.00
# Visual Studio Version 17
VisualStudioVersion = 17.11.35303.130
MinimumVisualStudioVersion = 10.0.40219.1
Project("{2150E333-8FDC-42A3-9474-1A3956D46DE8}") = "Task0", "Task0", "{5142C6C3-3522-469E-AEF0-C981DB865EC7}"
EndProject
Project("{FAE04EC0-301F-11D3-BF4B-00C04F79EFBC}") = "Tyuiu.AkhtarievaNR.Sprint6.Task0.V16.Lib", "Tyuiu.AkhtarievaNR.Sprint6.Task0.V16.Lib\Tyuiu.AkhtarievaNR.Sprint6.Task0.V16.Lib.csproj", "{5BEF2F4D-DF88-476D-9FE7-AEF18A216AF4}"
EndProject
Project("{FAE04EC0-301F-11D3-BF4B-00C04F79EFBC}") = "Tyuiu.AkhtarievaNR.Sprint6.Task0.V16.Test", "Tyuiu.AkhtarievaNR.Sprint6.Task0.V16.Test\Tyuiu.AkhtarievaNR.Sprint6.Task0.V16.Test.csproj", "{2268AECE-E89B-4CDA-8822-39EC21DCAEC9}"
EndProject
Project("{FAE04EC0-301F-11D3-BF4B-00C04F79EFBC}") = "Tyuiu.AkhtarievaNR.Sprint6.Task0.V16", "Tyuiu.AkhtarievaNR.Sprint6.Task0.V16\Tyuiu.AkhtarievaNR.Sprint6.Task0.V16.csproj", "{4D61BDC3-A65E-48B5-BA19-0AD0D14C738B}"
EndProject
Project("{2150E333-8FDC-42A3-9474-1A3956D46DE8}") = "Task1", "Task1", "{D1A1BDDE-CCDA-4893-979A-B7B8FAB5D28A}"
EndProject
Project("{FAE04EC0-301F-11D3-BF4B-00C04F79EFBC}") = "Tyuiu.AkhtarievaNR.Sprint6.Task1.V18.Lib", "Tyuiu.AkhtarievaNR.Sprint6.Task1.V18.Lib\Tyuiu.AkhtarievaNR.Sprint6.Task1.V18.Lib.csproj", "{E80D2AD3-0826-4305-876D-29C7F5E00BD7}"
EndProject
Project("{FAE04EC0-301F-11D3-BF4B-00C04F79EFBC}") = "Tyuiu.AkhtarievaNR.Sprint6.Task1.V18.Test", "Tyuiu.AkhtarievaNR.Sprint6.Task1.V18.Test\Tyuiu.AkhtarievaNR.Sprint6.Task1.V18.Test.csproj", "{ED48D640-7679-485D-88DA-3C0C1544A649}"
EndProject
Project("{FAE04EC0-301F-11D3-BF4B-00C04F79EFBC}") = "Tyuiu.AkhtarievaNR.Sprint6.Task1.V18", "Tyuiu.AkhtarievaNR.Sprint6.Task1.V18\Tyuiu.AkhtarievaNR.Sprint6.Task1.V18.csproj", "{8887948D-787B-425A-AA1F-ED293C81ACDB}"
EndProject
Project("{2150E333-8FDC-42A3-9474-1A3956D46DE8}") = "Task2", "Task2", "{E7DC9E45-326E-44F8-90D0-56C3E3B71C1C}"
EndProject
Project("{FAE04EC0-301F-11D3-BF4B-00C04F79EFBC}") = "Tyuiu.AkhtarievaNR.Sprint6.Task2.V22.Lib", "Tyuiu.AkhtarievaNR.Sprint6.Task2.V22.Lib\Tyuiu.AkhtarievaNR.Sprint6.Task2.V22.Lib.csproj", "{E0C8EADC-5A54-4C68-BF00-21C2D24994F5}"
EndProject
Project("{FAE04EC0-301F-11D3-BF4B-00C04F79EFBC}") = "Tyuiu.AkhtarievaNR.Sprint6.Task2.V22.Test", "Tyuiu.AkhtarievaNR.Sprint6.Task2.V22.Test\Tyuiu.AkhtarievaNR.Sprint6.Task2.V22.Test.csproj", "{30181D53-7089-410F-A6BE-ED5D5C4ED477}"
EndProject
Project("{FAE04EC0-301F-11D3-BF4B-00C04F79EFBC}") = "Tyuiu.AkhtarievaNR.Sprint6.Task2.V22", "Tyuiu.AkhtarievaNR.Sprint6.Task2.V22\Tyuiu.AkhtarievaNR.Sprint6.Task2.V22.csproj", "{DDE8BA14-B5E7-47EE-9E5F-413721284C7E}"
EndProject
Global
	GlobalSection(SolutionConfigurationPlatforms) = preSolution
		Debug|Any CPU = Debug|Any CPU
		Release|Any CPU = Release|Any CPU
	EndGlobalSection
	GlobalSection(ProjectConfigurationPlatforms) = postSolution
		{5BEF2F4D-DF88-476D-9FE7-AEF18A216AF4}.Debug|Any CPU.ActiveCfg = Debug|Any CPU
		{5BEF2F4D-DF88-476D-9FE7-AEF18A216AF4}.Debug|Any CPU.Build.0 = Debug|Any CPU
		{5BEF2F4D-DF88-476D-9FE7-AEF18A216AF4}.Release|Any CPU.ActiveCfg = Release|Any CPU
		{5BEF2F4D-DF88-476D-9FE7-AEF18A216AF4}.Release|Any CPU.Build.0 = Release|Any CPU
		{2268AECE-E89B-4CDA-8822-39EC21DCAEC9}.Debug|Any CPU.ActiveCfg = Debug|Any CPU
		{2268AECE-E89B-4CDA-8822-39EC21DCAEC9}.Debug|Any CPU.Build.0 = Debug|Any CPU
		{2268AECE-E89B-4CDA-8822-39EC21DCAEC9}.Release|Any CPU.ActiveCfg = Release|Any CPU
		{2268AECE-E89B-4CDA-8822-39EC21DCAEC9}.Release|Any CPU.Build.0 = Release|Any CPU
		{4D61BDC3-A65E-48B5-BA19-0AD0D14C738B}.Debug|Any CPU.ActiveCfg = Debug|Any CPU
		{4D61BDC3-A65E-48B5-BA19-0AD0D14C738B}.Debug|Any CPU.Build.0 = Debug|Any CPU
		{4D61BDC3-A65E-48B5-BA19-0AD0D14C738B}.Release|Any CPU.ActiveCfg = Release|Any CPU
		{4D61BDC3-A65E-48B5-BA19-0AD0D14C738B}.Release|Any CPU.Build.0 = Release|Any CPU
		{E80D2AD3-0826-4305-876D-29C7F5E00BD7}.Debug|Any CPU.ActiveCfg = Debug|Any CPU
		{E80D2AD3-0826-4305-876D-29C7F5E00BD7}.Debug|Any CPU.Build.0 = Debug|Any CPU
		{E80D2AD3-0826-4305-876D-29C7F5E00BD7}.Release|Any CPU.ActiveCfg = Release|Any CPU
		{E80D2AD3-0826-4305-876D-29C7F5E00BD7}.Release|Any CPU.Build.0 = Release|Any CPU
		{ED48D640-7679-485D-88DA-3C0C1544A649}.Debug|Any CPU.ActiveCfg = Debug|Any CPU
		{ED48D640-7679-485D-88DA-3C0C1544A649}.Debug|Any CPU.Build.0 = Debug|Any CPU
		{ED48D640-7679-485D-88DA-3C0C1544A649}.Release|Any CPU.ActiveCfg = Release|Any CPU
		{ED48D640-7679-485D-88DA-3C0C1544A649}.Release|Any CPU.Build.0 = Release|Any CPU
		{8887948D-787B-425A-AA1F-ED293C81ACDB}.Debug|Any CPU.ActiveCfg = Debug|Any CPU
		{8887948D-787B-425A-AA1F-ED293C81ACDB}.Debug|Any CPU.Build.0 = Debug|Any CPU
		{8887948D-787B-425A-AA1F-ED293C81ACDB}.Release|Any CPU.ActiveCfg = Release|Any CPU
		{8887948D-787B-425A-AA1F-ED293C81ACDB}.Release|Any CPU.Build.0 = Release|Any CPU
		{E0C8EADC-5A54-4C68-BF00-21C2D24994F5}.Debug|Any CPU.ActiveCfg = Debug|Any CPU
		{E0C8EADC-5A54-4C68-BF00-21C2D24994F5}.Debug|Any CPU.Build.0 = Debug|Any CPU
		{E0C8EADC-5A54-4C68-BF00-21C2D24994F5}.Release|Any CPU.ActiveCfg = Release|Any CPU
		{E0C8EADC-5A54-4C68-BF00-21C2D24994F5}.Release|Any CPU.Build.0 = Release|Any CPU
		{30181D53-7089-410F-A6BE-ED5D5C4ED477}.Debug|Any CPU.ActiveCfg = Debug|Any CPU
		{30181D53-7089-410F-A6BE-ED5D5C4ED477}.Debug|Any CPU.Build.0 = Debug|Any CPU
		{30181D53-7089-410F-A6BE-ED5D5C4ED477}.Release|Any CPU.ActiveCfg = Release|Any CPU
		{30181D53-7089-410F-A6BE-ED5D5C4ED477}.Release|Any CPU.Build.0 = Release|Any CPU
		{DDE8BA14-B5E7-47EE-9E5F-413721284C7E}.Debug|Any CPU.ActiveCfg = Debug|Any CPU
		{DDE8BA14-B5E7-47EE-9E5F-413721284C7E}.Debug|Any CPU.Build.0 = Debug|Any CPU
		{DDE8BA14-B5E7-47EE-9E5F-413721284C7E}.Release|Any CPU.ActiveCfg = Release|Any CPU
		{DDE8BA14-B5E7-47EE-9E5F-413721284C7E}.Release|Any CPU.Build.0 = Release|Any CPU
	EndGlobalSection
	GlobalSection(SolutionProperties) = preSolution
		HideSolutionNode = FALSE
	EndGlobalSection
	GlobalSection(NestedProjects) = preSolution
		{5BEF2F4D-DF88-476D-9FE7-AEF18A216AF4} = {5142C6C3-3522-469E-AEF0-C981DB865EC7}
		{2268AECE-E89B-4CDA-8822-39EC21DCAEC9} = {5142C6C3-3522-469E-AEF0-C981DB865EC7}
		{4D61BDC3-A65E-48B5-BA19-0AD0D14C738B} = {5142C6C3-3522-469E-AEF0-C981DB865EC7}
		{E80D2AD3-0826-4305-876D-29C7F5E00BD7} = {D1A1BDDE-CCDA-4893-979A-B7B8FAB5D28A}
		{ED48D640-7679-485D-88DA-3C0C1544A649} = {D1A1BDDE-CCDA-4893-979A-B7B8FAB5D28A}
		{8887948D-787B-425A-AA1F-ED293C81ACDB} = {D1A1BDDE-CCDA-4893-979A-B7B8FAB5D28A}
		{E0C8EADC-5A54-4C68-BF00-21C2D24994F5} = {E7DC9E45-326E-44F8-90D0-56C3E3B71C1C}
		{30181D53-7089-410F-A6BE-ED5D5C4ED477} = {E7DC9E45-326E-44F8-90D0-56C3E3B71C1C}
		{DDE8BA14-B5E7-47EE-9E5F-413721284C7E} = {E7DC9E45-326E-44F8-90D0-56C3E3B71C1C}
	EndGlobalSection
	GlobalSection(ExtensibilityGlobals) = postSolution
		SolutionGuid = {F60AE733-81ED-432E-9EDF-989F25CB3B31}
	EndGlobalSection
EndGlobal
